
Microsoft Visual Studio Solution File, Format Version 12.00
# Visual Studio Version 16
VisualStudioVersion = 16.0.29102.190
MinimumVisualStudioVersion = 10.0.40219.1
Project("{FAE04EC0-301F-11D3-BF4B-00C04F79EFBC}") = "Lab 8 Get to know your classmates", "Lab 8 Get to know your classmates\Lab 8 Get to know your classmates.csproj", "{0D08ACD4-2B65-401B-AC31-3C9AAC0F9E04}"
EndProject
Global
	GlobalSection(SolutionConfigurationPlatforms) = preSolution
		Debug|Any CPU = Debug|Any CPU
		Release|Any CPU = Release|Any CPU
	EndGlobalSection
	GlobalSection(ProjectConfigurationPlatforms) = postSolution
		{0D08ACD4-2B65-401B-AC31-3C9AAC0F9E04}.Debug|Any CPU.ActiveCfg = Debug|Any CPU
		{0D08ACD4-2B65-401B-AC31-3C9AAC0F9E04}.Debug|Any CPU.Build.0 = Debug|Any CPU
		{0D08ACD4-2B65-401B-AC31-3C9AAC0F9E04}.Release|Any CPU.ActiveCfg = Release|Any CPU
		{0D08ACD4-2B65-401B-AC31-3C9AAC0F9E04}.Release|Any CPU.Build.0 = Release|Any CPU
	EndGlobalSection
	GlobalSection(SolutionProperties) = preSolution
		HideSolutionNode = FALSE
	EndGlobalSection
	GlobalSection(ExtensibilityGlobals) = postSolution
		SolutionGuid = {F145302B-09EE-4BB3-A2CE-6CC11BD92646}
	EndGlobalSection
EndGlobal
